
Microsoft Visual Studio Solution File, Format Version 12.00
# Visual Studio Version 17
VisualStudioVersion = 17.2.32616.157
MinimumVisualStudioVersion = 10.0.40219.1
Project("{9A19103F-16F7-4668-BE54-9A1E7A4F7556}") = "PowerAPI", "PowerAPI\PowerAPI.csproj", "{38C04031-EA73-42E1-A188-BCD29D89E73D}"
EndProject
Project("{9A19103F-16F7-4668-BE54-9A1E7A4F7556}") = "PowerServer", "PowerServer\PowerServer.csproj", "{1CAA848C-3DBB-42BB-9DAC-E89DCBBC575C}"
EndProject
Global
	GlobalSection(SolutionConfigurationPlatforms) = preSolution
		Debug|Any CPU = Debug|Any CPU
		Debug|ARM = Debug|ARM
		Debug|ARM64 = Debug|ARM64
		Debug|x64 = Debug|x64
		Debug|x86 = Debug|x86
		Release|Any CPU = Release|Any CPU
		Release|ARM = Release|ARM
		Release|ARM64 = Release|ARM64
		Release|x64 = Release|x64
		Release|x86 = Release|x86
	EndGlobalSection
	GlobalSection(ProjectConfigurationPlatforms) = postSolution
		{38C04031-EA73-42E1-A188-BCD29D89E73D}.Debug|Any CPU.ActiveCfg = Debug|Any CPU
		{38C04031-EA73-42E1-A188-BCD29D89E73D}.Debug|Any CPU.Build.0 = Debug|Any CPU
		{38C04031-EA73-42E1-A188-BCD29D89E73D}.Debug|ARM.ActiveCfg = Debug|Any CPU
		{38C04031-EA73-42E1-A188-BCD29D89E73D}.Debug|ARM.Build.0 = Debug|Any CPU
		{38C04031-EA73-42E1-A188-BCD29D89E73D}.Debug|ARM64.ActiveCfg = Debug|Any CPU
		{38C04031-EA73-42E1-A188-BCD29D89E73D}.Debug|ARM64.Build.0 = Debug|Any CPU
		{38C04031-EA73-42E1-A188-BCD29D89E73D}.Debug|x64.ActiveCfg = Debug|Any CPU
		{38C04031-EA73-42E1-A188-BCD29D89E73D}.Debug|x64.Build.0 = Debug|Any CPU
		{38C04031-EA73-42E1-A188-BCD29D89E73D}.Debug|x86.ActiveCfg = Debug|Any CPU
		{38C04031-EA73-42E1-A188-BCD29D89E73D}.Debug|x86.Build.0 = Debug|Any CPU
		{38C04031-EA73-42E1-A188-BCD29D89E73D}.Release|Any CPU.ActiveCfg = Release|Any CPU
		{38C04031-EA73-42E1-A188-BCD29D89E73D}.Release|Any CPU.Build.0 = Release|Any CPU
		{38C04031-EA73-42E1-A188-BCD29D89E73D}.Release|ARM.ActiveCfg = Release|Any CPU
		{38C04031-EA73-42E1-A188-BCD29D89E73D}.Release|ARM.Build.0 = Release|Any CPU
		{38C04031-EA73-42E1-A188-BCD29D89E73D}.Release|ARM64.ActiveCfg = Release|Any CPU
		{38C04031-EA73-42E1-A188-BCD29D89E73D}.Release|ARM64.Build.0 = Release|Any CPU
		{38C04031-EA73-42E1-A188-BCD29D89E73D}.Release|x64.ActiveCfg = Release|Any CPU
		{38C04031-EA73-42E1-A188-BCD29D89E73D}.Release|x64.Build.0 = Release|Any CPU
		{38C04031-EA73-42E1-A188-BCD29D89E73D}.Release|x86.ActiveCfg = Release|Any CPU
		{38C04031-EA73-42E1-A188-BCD29D89E73D}.Release|x86.Build.0 = Release|Any CPU
		{1CAA848C-3DBB-42BB-9DAC-E89DCBBC575C}.Debug|Any CPU.ActiveCfg = Debug|Any CPU
		{1CAA848C-3DBB-42BB-9DAC-E89DCBBC575C}.Debug|Any CPU.Build.0 = Debug|Any CPU
		{1CAA848C-3DBB-42BB-9DAC-E89DCBBC575C}.Debug|ARM.ActiveCfg = Debug|Any CPU
		{1CAA848C-3DBB-42BB-9DAC-E89DCBBC575C}.Debug|ARM.Build.0 = Debug|Any CPU
		{1CAA848C-3DBB-42BB-9DAC-E89DCBBC575C}.Debug|ARM64.ActiveCfg = Debug|Any CPU
		{1CAA848C-3DBB-42BB-9DAC-E89DCBBC575C}.Debug|ARM64.Build.0 = Debug|Any CPU
		{1CAA848C-3DBB-42BB-9DAC-E89DCBBC575C}.Debug|x64.ActiveCfg = Debug|Any CPU
		{1CAA848C-3DBB-42BB-9DAC-E89DCBBC575C}.Debug|x64.Build.0 = Debug|Any CPU
		{1CAA848C-3DBB-42BB-9DAC-E89DCBBC575C}.Debug|x86.ActiveCfg = Debug|Any CPU
		{1CAA848C-3DBB-42BB-9DAC-E89DCBBC575C}.Debug|x86.Build.0 = Debug|Any CPU
		{1CAA848C-3DBB-42BB-9DAC-E89DCBBC575C}.Release|Any CPU.ActiveCfg = Release|Any CPU
		{1CAA848C-3DBB-42BB-9DAC-E89DCBBC575C}.Release|Any CPU.Build.0 = Release|Any CPU
		{1CAA848C-3DBB-42BB-9DAC-E89DCBBC575C}.Release|ARM.ActiveCfg = Release|Any CPU
		{1CAA848C-3DBB-42BB-9DAC-E89DCBBC575C}.Release|ARM.Build.0 = Release|Any CPU
		{1CAA848C-3DBB-42BB-9DAC-E89DCBBC575C}.Release|ARM64.ActiveCfg = Release|Any CPU
		{1CAA848C-3DBB-42BB-9DAC-E89DCBBC575C}.Release|ARM64.Build.0 = Release|Any CPU
		{1CAA848C-3DBB-42BB-9DAC-E89DCBBC575C}.Release|x64.ActiveCfg = Release|Any CPU
		{1CAA848C-3DBB-42BB-9DAC-E89DCBBC575C}.Release|x64.Build.0 = Release|Any CPU
		{1CAA848C-3DBB-42BB-9DAC-E89DCBBC575C}.Release|x86.ActiveCfg = Release|Any CPU
		{1CAA848C-3DBB-42BB-9DAC-E89DCBBC575C}.Release|x86.Build.0 = Release|Any CPU
		{02C70558-78A9-47D2-B6E7-DAA759433613}.Debug|Any CPU.ActiveCfg = Debug|Any CPU
		{02C70558-78A9-47D2-B6E7-DAA759433613}.Debug|Any CPU.Build.0 = Debug|Any CPU
		{02C70558-78A9-47D2-B6E7-DAA759433613}.Debug|ARM.ActiveCfg = Debug|Any CPU
		{02C70558-78A9-47D2-B6E7-DAA759433613}.Debug|ARM.Build.0 = Debug|Any CPU
		{02C70558-78A9-47D2-B6E7-DAA759433613}.Debug|ARM64.ActiveCfg = Debug|Any CPU
		{02C70558-78A9-47D2-B6E7-DAA759433613}.Debug|ARM64.Build.0 = Debug|Any CPU
		{02C70558-78A9-47D2-B6E7-DAA759433613}.Debug|x64.ActiveCfg = Debug|Any CPU
		{02C70558-78A9-47D2-B6E7-DAA759433613}.Debug|x64.Build.0 = Debug|Any CPU
		{02C70558-78A9-47D2-B6E7-DAA759433613}.Debug|x86.ActiveCfg = Debug|Any CPU
		{02C70558-78A9-47D2-B6E7-DAA759433613}.Debug|x86.Build.0 = Debug|Any CPU
		{02C70558-78A9-47D2-B6E7-DAA759433613}.Release|Any CPU.ActiveCfg = Release|Any CPU
		{02C70558-78A9-47D2-B6E7-DAA759433613}.Release|Any CPU.Build.0 = Release|Any CPU
		{02C70558-78A9-47D2-B6E7-DAA759433613}.Release|ARM.ActiveCfg = Release|Any CPU
		{02C70558-78A9-47D2-B6E7-DAA759433613}.Release|ARM.Build.0 = Release|Any CPU
		{02C70558-78A9-47D2-B6E7-DAA759433613}.Release|ARM64.ActiveCfg = Release|Any CPU
		{02C70558-78A9-47D2-B6E7-DAA759433613}.Release|ARM64.Build.0 = Release|Any CPU
		{02C70558-78A9-47D2-B6E7-DAA759433613}.Release|x64.ActiveCfg = Release|Any CPU
		{02C70558-78A9-47D2-B6E7-DAA759433613}.Release|x64.Build.0 = Release|Any CPU
		{02C70558-78A9-47D2-B6E7-DAA759433613}.Release|x86.ActiveCfg = Release|Any CPU
		{02C70558-78A9-47D2-B6E7-DAA759433613}.Release|x86.Build.0 = Release|Any CPU
	EndGlobalSection
	GlobalSection(SolutionProperties) = preSolution
		HideSolutionNode = FALSE
	EndGlobalSection
	GlobalSection(ExtensibilityGlobals) = postSolution
		SolutionGuid = {255B7832-0F16-4542-AA61-61DA51D23337}
	EndGlobalSection
EndGlobal
